{
    "version": 3,
    "terraform_version": "0.10.2",
    "serial": 5,
    "lineage": "79592981-a63e-4e44-a25d-a2ee493b4d99",
    "modules": [
        {
            "path": [
                "root"
            ],
            "outputs": {
                "spfarm_AppServer1 elastic ip": {
                    "sensitive": false,
                    "type": "string",
                    "value": "13.56.110.77"
                },
                "spfarm_AppServer1 private ip address": {
                    "sensitive": false,
                    "type": "string",
                    "value": "10.0.1.121"
                },
                "spfarm_AppServer1_public_dns": {
                    "sensitive": false,
                    "type": "string",
                    "value": "[ ec2-54-153-112-162.us-west-1.compute.amazonaws.com ]"
                },
                "spfarm_Database1 elastic ip": {
                    "sensitive": false,
                    "type": "string",
                    "value": "52.53.117.86"
                },
                "spfarm_Database1 private ip address": {
                    "sensitive": false,
                    "type": "string",
                    "value": "10.0.1.87"
                },
                "spfarm_Database1_public_dns": {
                    "sensitive": false,
                    "type": "string",
                    "value": "[ ec2-54-215-197-129.us-west-1.compute.amazonaws.com ]"
                },
                "spfarm_DomainController1 elastic ip": {
                    "sensitive": false,
                    "type": "string",
                    "value": "13.57.140.62"
                },
                "spfarm_DomainController1 private ip address": {
                    "sensitive": false,
                    "type": "string",
                    "value": "10.0.1.71"
                },
                "spfarm_DomainController1_public_dns": {
                    "sensitive": false,
                    "type": "string",
                    "value": "[ ec2-54-153-1-177.us-west-1.compute.amazonaws.com ]"
                },
                "spfarm_WFE1 elastic ip": {
                    "sensitive": false,
                    "type": "string",
                    "value": "13.57.149.133"
                },
                "spfarm_WFE1 private ip address": {
                    "sensitive": false,
                    "type": "string",
                    "value": "10.0.1.251"
                },
                "spfarm_WFE1_public_dns": {
                    "sensitive": false,
                    "type": "string",
                    "value": "[ ec2-52-53-202-220.us-west-1.compute.amazonaws.com ]"
                }
            },
            "resources": {
                "aws_eip.spfarm_AppServer1_ip": {
                    "type": "aws_eip",
                    "depends_on": [
                        "aws_instance.spfarm_AppServer1"
                    ],
                    "primary": {
                        "id": "eipalloc-ec9a5ed1",
                        "attributes": {
                            "association_id": "eipassoc-a39faf9f",
                            "domain": "vpc",
                            "id": "eipalloc-ec9a5ed1",
                            "instance": "i-0bbb8f83acecee1a7",
                            "network_interface": "eni-0b0abb09",
                            "private_ip": "10.0.1.121",
                            "public_ip": "13.56.110.77",
                            "vpc": "true"
                        },
                        "meta": {},
                        "tainted": false
                    },
                    "deposed": [],
                    "provider": ""
                },
                "aws_eip.spfarm_Database1_ip": {
                    "type": "aws_eip",
                    "depends_on": [
                        "aws_instance.spfarm_Database1"
                    ],
                    "primary": {
                        "id": "eipalloc-04985c39",
                        "attributes": {
                            "association_id": "eipassoc-3e9dad02",
                            "domain": "vpc",
                            "id": "eipalloc-04985c39",
                            "instance": "i-060469f9472e8164b",
                            "network_interface": "eni-b40bbab6",
                            "private_ip": "10.0.1.87",
                            "public_ip": "52.53.117.86",
                            "vpc": "true"
                        },
                        "meta": {},
                        "tainted": false
                    },
                    "deposed": [],
                    "provider": ""
                },
                "aws_eip.spfarm_DomainController1_ip": {
                    "type": "aws_eip",
                    "depends_on": [
                        "aws_instance.spfarm_DomainController1"
                    ],
                    "primary": {
                        "id": "eipalloc-40985c7d",
                        "attributes": {
                            "association_id": "eipassoc-279eae1b",
                            "domain": "vpc",
                            "id": "eipalloc-40985c7d",
                            "instance": "i-0fa5392a629cf21be",
                            "network_interface": "eni-990dbc9b",
                            "private_ip": "10.0.1.71",
                            "public_ip": "13.57.140.62",
                            "vpc": "true"
                        },
                        "meta": {},
                        "tainted": false
                    },
                    "deposed": [],
                    "provider": ""
                },
                "aws_eip.spfarm_WFE1_ip": {
                    "type": "aws_eip",
                    "depends_on": [
                        "aws_instance.spfarm_WFE1"
                    ],
                    "primary": {
                        "id": "eipalloc-d2985cef",
                        "attributes": {
                            "association_id": "eipassoc-019faf3d",
                            "domain": "vpc",
                            "id": "eipalloc-d2985cef",
                            "instance": "i-0eb8ff48a38cb2bc3",
                            "network_interface": "eni-da0abbd8",
                            "private_ip": "10.0.1.251",
                            "public_ip": "13.57.149.133",
                            "vpc": "true"
                        },
                        "meta": {},
                        "tainted": false
                    },
                    "deposed": [],
                    "provider": ""
                },
                "aws_instance.spfarm_AppServer1": {
                    "type": "aws_instance",
                    "depends_on": [
                        "aws_key_pair.spfarmkeypair",
                        "aws_security_group.sg_spfarm",
                        "aws_subnet.main-public-1"
                    ],
                    "primary": {
                        "id": "i-0bbb8f83acecee1a7",
                        "attributes": {
                            "ami": "ami-955c6ef5",
                            "associate_public_ip_address": "true",
                            "availability_zone": "us-west-1b",
                            "disable_api_termination": "false",
                            "ebs_block_device.#": "0",
                            "ebs_optimized": "false",
                            "ephemeral_block_device.#": "0",
                            "iam_instance_profile": "",
                            "id": "i-0bbb8f83acecee1a7",
                            "instance_state": "running",
                            "instance_type": "t2.micro",
                            "ipv6_addresses.#": "0",
                            "key_name": "sp_farm_rsa",
                            "monitoring": "false",
                            "network_interface.#": "0",
                            "network_interface_id": "eni-0b0abb09",
                            "placement_group": "",
                            "primary_network_interface_id": "eni-0b0abb09",
                            "private_dns": "ip-10-0-1-121.us-west-1.compute.internal",
                            "private_ip": "10.0.1.121",
                            "public_dns": "ec2-54-153-112-162.us-west-1.compute.amazonaws.com",
                            "public_ip": "54.153.112.162",
                            "root_block_device.#": "1",
                            "root_block_device.0.delete_on_termination": "true",
                            "root_block_device.0.iops": "100",
                            "root_block_device.0.volume_size": "30",
                            "root_block_device.0.volume_type": "gp2",
                            "security_groups.#": "0",
                            "source_dest_check": "true",
                            "subnet_id": "subnet-b222eae9",
                            "tags.%": "5",
                            "tags.Environment": "Staging",
                            "tags.Location": "AWS Cloud",
                            "tags.Name": "WFE1 - sg-3c13115a",
                            "tags.Server Role": "Application Server",
                            "tags.Tier": "Presentation Layer",
                            "tenancy": "default",
                            "volume_tags.%": "0",
                            "vpc_security_group_ids.#": "1",
                            "vpc_security_group_ids.566454336": "sg-3c13115a"
                        },
                        "meta": {
                            "e2bfb730-ecaa-11e6-8f88-34363bc7c4c0": {
                                "create": 600000000000,
                                "delete": 600000000000,
                                "update": 600000000000
                            },
                            "schema_version": "1"
                        },
                        "tainted": false
                    },
                    "deposed": [],
                    "provider": ""
                },
                "aws_instance.spfarm_Database1": {
                    "type": "aws_instance",
                    "depends_on": [
                        "aws_key_pair.spfarmkeypair",
                        "aws_security_group.sg_spfarm",
                        "aws_subnet.main-public-1"
                    ],
                    "primary": {
                        "id": "i-060469f9472e8164b",
                        "attributes": {
                            "ami": "ami-955c6ef5",
                            "associate_public_ip_address": "true",
                            "availability_zone": "us-west-1b",
                            "disable_api_termination": "false",
                            "ebs_block_device.#": "0",
                            "ebs_optimized": "false",
                            "ephemeral_block_device.#": "0",
                            "iam_instance_profile": "",
                            "id": "i-060469f9472e8164b",
                            "instance_state": "running",
                            "instance_type": "t2.micro",
                            "ipv6_addresses.#": "0",
                            "key_name": "sp_farm_rsa",
                            "monitoring": "false",
                            "network_interface.#": "0",
                            "network_interface_id": "eni-b40bbab6",
                            "placement_group": "",
                            "primary_network_interface_id": "eni-b40bbab6",
                            "private_dns": "ip-10-0-1-87.us-west-1.compute.internal",
                            "private_ip": "10.0.1.87",
                            "public_dns": "ec2-54-215-197-129.us-west-1.compute.amazonaws.com",
                            "public_ip": "54.215.197.129",
                            "root_block_device.#": "1",
                            "root_block_device.0.delete_on_termination": "true",
                            "root_block_device.0.iops": "100",
                            "root_block_device.0.volume_size": "30",
                            "root_block_device.0.volume_type": "gp2",
                            "security_groups.#": "0",
                            "source_dest_check": "true",
                            "subnet_id": "subnet-b222eae9",
                            "tags.%": "5",
                            "tags.Environment": "Staging",
                            "tags.Location": "AWS Cloud",
                            "tags.Name": "WFE1 - sg-3c13115a",
                            "tags.Server Role": "Database",
                            "tags.Tier": "Backend",
                            "tenancy": "default",
                            "volume_tags.%": "0",
                            "vpc_security_group_ids.#": "1",
                            "vpc_security_group_ids.566454336": "sg-3c13115a"
                        },
                        "meta": {
                            "e2bfb730-ecaa-11e6-8f88-34363bc7c4c0": {
                                "create": 600000000000,
                                "delete": 600000000000,
                                "update": 600000000000
                            },
                            "schema_version": "1"
                        },
                        "tainted": false
                    },
                    "deposed": [],
                    "provider": ""
                },
                "aws_instance.spfarm_DomainController1": {
                    "type": "aws_instance",
                    "depends_on": [
                        "aws_key_pair.spfarmkeypair",
                        "aws_security_group.sg_spfarm",
                        "aws_subnet.main-public-1"
                    ],
                    "primary": {
                        "id": "i-0fa5392a629cf21be",
                        "attributes": {
                            "ami": "ami-955c6ef5",
                            "associate_public_ip_address": "true",
                            "availability_zone": "us-west-1b",
                            "disable_api_termination": "false",
                            "ebs_block_device.#": "0",
                            "ebs_optimized": "false",
                            "ephemeral_block_device.#": "0",
                            "iam_instance_profile": "",
                            "id": "i-0fa5392a629cf21be",
                            "instance_state": "running",
                            "instance_type": "t2.micro",
                            "ipv6_addresses.#": "0",
                            "key_name": "sp_farm_rsa",
                            "monitoring": "false",
                            "network_interface.#": "0",
                            "network_interface_id": "eni-990dbc9b",
                            "placement_group": "",
                            "primary_network_interface_id": "eni-990dbc9b",
                            "private_dns": "ip-10-0-1-71.us-west-1.compute.internal",
                            "private_ip": "10.0.1.71",
                            "public_dns": "ec2-54-153-1-177.us-west-1.compute.amazonaws.com",
                            "public_ip": "54.153.1.177",
                            "root_block_device.#": "1",
                            "root_block_device.0.delete_on_termination": "true",
                            "root_block_device.0.iops": "100",
                            "root_block_device.0.volume_size": "30",
                            "root_block_device.0.volume_type": "gp2",
                            "security_groups.#": "0",
                            "source_dest_check": "true",
                            "subnet_id": "subnet-b222eae9",
                            "tags.%": "5",
                            "tags.Environment": "Staging",
                            "tags.Location": "AWS Cloud",
                            "tags.Name": "WFE1 - sg-3c13115a",
                            "tags.Server Role": "Domain Controller",
                            "tags.Tier": "Presentation Layer",
                            "tenancy": "default",
                            "volume_tags.%": "0",
                            "vpc_security_group_ids.#": "1",
                            "vpc_security_group_ids.566454336": "sg-3c13115a"
                        },
                        "meta": {
                            "e2bfb730-ecaa-11e6-8f88-34363bc7c4c0": {
                                "create": 600000000000,
                                "delete": 600000000000,
                                "update": 600000000000
                            },
                            "schema_version": "1"
                        },
                        "tainted": false
                    },
                    "deposed": [],
                    "provider": ""
                },
                "aws_instance.spfarm_WFE1": {
                    "type": "aws_instance",
                    "depends_on": [
                        "aws_key_pair.spfarmkeypair",
                        "aws_security_group.sg_spfarm",
                        "aws_subnet.main-public-1"
                    ],
                    "primary": {
                        "id": "i-0eb8ff48a38cb2bc3",
                        "attributes": {
                            "ami": "ami-955c6ef5",
                            "associate_public_ip_address": "true",
                            "availability_zone": "us-west-1b",
                            "disable_api_termination": "false",
                            "ebs_block_device.#": "0",
                            "ebs_optimized": "false",
                            "ephemeral_block_device.#": "0",
                            "iam_instance_profile": "",
                            "id": "i-0eb8ff48a38cb2bc3",
                            "instance_state": "running",
                            "instance_type": "t2.micro",
                            "ipv6_addresses.#": "0",
                            "key_name": "sp_farm_rsa",
                            "monitoring": "false",
                            "network_interface.#": "0",
                            "network_interface_id": "eni-da0abbd8",
                            "placement_group": "",
                            "primary_network_interface_id": "eni-da0abbd8",
                            "private_dns": "ip-10-0-1-251.us-west-1.compute.internal",
                            "private_ip": "10.0.1.251",
                            "public_dns": "ec2-52-53-202-220.us-west-1.compute.amazonaws.com",
                            "public_ip": "52.53.202.220",
                            "root_block_device.#": "1",
                            "root_block_device.0.delete_on_termination": "true",
                            "root_block_device.0.iops": "100",
                            "root_block_device.0.volume_size": "30",
                            "root_block_device.0.volume_type": "gp2",
                            "security_groups.#": "0",
                            "source_dest_check": "true",
                            "subnet_id": "subnet-b222eae9",
                            "tags.%": "5",
                            "tags.Environment": "Staging",
                            "tags.Location": "AWS Cloud",
                            "tags.Name": "WFE1 - sg-3c13115a",
                            "tags.Server Role": "Web-Front End",
                            "tags.Tier": "Presentation Layer",
                            "tenancy": "default",
                            "volume_tags.%": "0",
                            "vpc_security_group_ids.#": "1",
                            "vpc_security_group_ids.566454336": "sg-3c13115a"
                        },
                        "meta": {
                            "e2bfb730-ecaa-11e6-8f88-34363bc7c4c0": {
                                "create": 600000000000,
                                "delete": 600000000000,
                                "update": 600000000000
                            },
                            "schema_version": "1"
                        },
                        "tainted": false
                    },
                    "deposed": [],
                    "provider": ""
                },
                "aws_internet_gateway.main-gateway": {
                    "type": "aws_internet_gateway",
                    "depends_on": [
                        "aws_vpc.main"
                    ],
                    "primary": {
                        "id": "igw-1aaf057e",
                        "attributes": {
                            "id": "igw-1aaf057e",
                            "tags.%": "1",
                            "tags.Name": "SharePoint Farm Gateway",
                            "vpc_id": "vpc-b22831d6"
                        },
                        "meta": {},
                        "tainted": false
                    },
                    "deposed": [],
                    "provider": ""
                },
                "aws_key_pair.spfarmkeypair": {
                    "type": "aws_key_pair",
                    "depends_on": [],
                    "primary": {
                        "id": "sp_farm_rsa",
                        "attributes": {
                            "id": "sp_farm_rsa",
                            "key_name": "sp_farm_rsa",
                            "public_key": "ssh-rsa AAAAB3NzaC1yc2EAAAADAQABAAABAQCqYi2H1kIifIq5VtI4lQmB+T1/FUnwXYKUeXjze1h6R7J2hv6wvjzSkyIVgySGJr16QQWG8g8lHdjF19QAo+icbLn3UHhuDYlgbE26Ag0qZ5DhD6SCMk30rqsnJascCRfy4JEy23WhkjNACJtiwyVqSGP78XMb3Khwo5tVVqbGv+AjvfPQHmvNF02Lxu7dIBjAROFkGqZnYkD9v/NNIXjmEmy6oL5VfncmIMeasMoWuYPkAah6sTc6SHtqUQ4oyCMp6cwYvTLsGc39uWhv+VBuN6g5gLwmvIE4g5cVL/adPgdxgNej06Jo6Th9F+3CgfFUahEfotsn/R3hCVDbrfTb jenkins"
                        },
                        "meta": {
                            "schema_version": "1"
                        },
                        "tainted": false
                    },
                    "deposed": [],
                    "provider": ""
                },
                "aws_route_table.main-public": {
                    "type": "aws_route_table",
                    "depends_on": [
                        "aws_internet_gateway.main-gateway",
                        "aws_vpc.main"
                    ],
                    "primary": {
                        "id": "rtb-5c2c9f3b",
                        "attributes": {
                            "id": "rtb-5c2c9f3b",
                            "propagating_vgws.#": "0",
                            "route.#": "1",
                            "route.787005516.cidr_block": "0.0.0.0/0",
                            "route.787005516.egress_only_gateway_id": "",
                            "route.787005516.gateway_id": "igw-1aaf057e",
                            "route.787005516.instance_id": "",
                            "route.787005516.ipv6_cidr_block": "",
                            "route.787005516.nat_gateway_id": "",
                            "route.787005516.network_interface_id": "",
                            "route.787005516.vpc_peering_connection_id": "",
                            "tags.%": "1",
                            "tags.Name": "main-public-1",
                            "vpc_id": "vpc-b22831d6"
                        },
                        "meta": {},
                        "tainted": false
                    },
                    "deposed": [],
                    "provider": ""
                },
                "aws_route_table_association.main-public-1-a": {
                    "type": "aws_route_table_association",
                    "depends_on": [
                        "aws_route_table.main-public",
                        "aws_subnet.main-public-1"
                    ],
                    "primary": {
                        "id": "rtbassoc-b21d04d5",
                        "attributes": {
                            "id": "rtbassoc-b21d04d5",
                            "route_table_id": "rtb-5c2c9f3b",
                            "subnet_id": "subnet-b222eae9"
                        },
                        "meta": {},
                        "tainted": false
                    },
                    "deposed": [],
                    "provider": ""
                },
                "aws_route_table_association.main-public-2-a": {
                    "type": "aws_route_table_association",
                    "depends_on": [
                        "aws_route_table.main-public",
                        "aws_subnet.main-public-2"
                    ],
                    "primary": {
                        "id": "rtbassoc-111d0476",
                        "attributes": {
                            "id": "rtbassoc-111d0476",
                            "route_table_id": "rtb-5c2c9f3b",
                            "subnet_id": "subnet-45c77c22"
                        },
                        "meta": {},
                        "tainted": false
                    },
                    "deposed": [],
                    "provider": ""
                },
                "aws_security_group.sg_spfarm": {
                    "type": "aws_security_group",
                    "depends_on": [
                        "aws_vpc.main"
                    ],
                    "primary": {
                        "id": "sg-3c13115a",
                        "attributes": {
                            "description": "Controls traffic for SSH, HTTP and RDP",
                            "egress.#": "1",
                            "egress.482069346.cidr_blocks.#": "1",
                            "egress.482069346.cidr_blocks.0": "0.0.0.0/0",
                            "egress.482069346.description": "",
                            "egress.482069346.from_port": "0",
                            "egress.482069346.ipv6_cidr_blocks.#": "0",
                            "egress.482069346.prefix_list_ids.#": "0",
                            "egress.482069346.protocol": "-1",
                            "egress.482069346.security_groups.#": "0",
                            "egress.482069346.self": "false",
                            "egress.482069346.to_port": "0",
                            "id": "sg-3c13115a",
                            "ingress.#": "3",
                            "ingress.2214680975.cidr_blocks.#": "1",
                            "ingress.2214680975.cidr_blocks.0": "0.0.0.0/0",
                            "ingress.2214680975.description": "",
                            "ingress.2214680975.from_port": "80",
                            "ingress.2214680975.ipv6_cidr_blocks.#": "0",
                            "ingress.2214680975.protocol": "tcp",
                            "ingress.2214680975.security_groups.#": "0",
                            "ingress.2214680975.self": "false",
                            "ingress.2214680975.to_port": "80",
                            "ingress.2223400681.cidr_blocks.#": "1",
                            "ingress.2223400681.cidr_blocks.0": "0.0.0.0/0",
                            "ingress.2223400681.description": "",
                            "ingress.2223400681.from_port": "3389",
                            "ingress.2223400681.ipv6_cidr_blocks.#": "0",
                            "ingress.2223400681.protocol": "tcp",
                            "ingress.2223400681.security_groups.#": "0",
                            "ingress.2223400681.self": "false",
                            "ingress.2223400681.to_port": "3389",
                            "ingress.2541437006.cidr_blocks.#": "1",
                            "ingress.2541437006.cidr_blocks.0": "0.0.0.0/0",
                            "ingress.2541437006.description": "",
                            "ingress.2541437006.from_port": "22",
                            "ingress.2541437006.ipv6_cidr_blocks.#": "0",
                            "ingress.2541437006.protocol": "tcp",
                            "ingress.2541437006.security_groups.#": "0",
                            "ingress.2541437006.self": "false",
                            "ingress.2541437006.to_port": "22",
                            "name": "sg_SP2016Farm",
                            "owner_id": "653931956080",
                            "revoke_rules_on_delete": "false",
                            "tags.%": "0",
                            "vpc_id": "vpc-b22831d6"
                        },
                        "meta": {
                            "schema_version": "1"
                        },
                        "tainted": false
                    },
                    "deposed": [],
                    "provider": ""
                },
                "aws_subnet.main-private-1": {
                    "type": "aws_subnet",
                    "depends_on": [
                        "aws_vpc.main"
                    ],
                    "primary": {
                        "id": "subnet-4d25ed16",
                        "attributes": {
                            "assign_ipv6_address_on_creation": "false",
                            "availability_zone": "us-west-1b",
                            "cidr_block": "10.0.4.0/24",
                            "id": "subnet-4d25ed16",
                            "map_public_ip_on_launch": "false",
                            "tags.%": "1",
                            "tags.Name": "main-private-1",
                            "vpc_id": "vpc-b22831d6"
                        },
                        "meta": {
                            "schema_version": "1"
                        },
                        "tainted": false
                    },
                    "deposed": [],
                    "provider": ""
                },
                "aws_subnet.main-private-2": {
                    "type": "aws_subnet",
                    "depends_on": [
                        "aws_vpc.main"
                    ],
                    "primary": {
                        "id": "subnet-81c77ce6",
                        "attributes": {
                            "assign_ipv6_address_on_creation": "false",
                            "availability_zone": "us-west-1c",
                            "cidr_block": "10.0.5.0/24",
                            "id": "subnet-81c77ce6",
                            "map_public_ip_on_launch": "false",
                            "tags.%": "1",
                            "tags.Name": "main-private-2",
                            "vpc_id": "vpc-b22831d6"
                        },
                        "meta": {
                            "schema_version": "1"
                        },
                        "tainted": false
                    },
                    "deposed": [],
                    "provider": ""
                },
                "aws_subnet.main-public-1": {
                    "type": "aws_subnet",
                    "depends_on": [
                        "aws_vpc.main"
                    ],
                    "primary": {
                        "id": "subnet-b222eae9",
                        "attributes": {
                            "assign_ipv6_address_on_creation": "false",
                            "availability_zone": "us-west-1b",
                            "cidr_block": "10.0.1.0/24",
                            "id": "subnet-b222eae9",
                            "map_public_ip_on_launch": "true",
                            "tags.%": "1",
                            "tags.Name": "main-public-1",
                            "vpc_id": "vpc-b22831d6"
                        },
                        "meta": {
                            "schema_version": "1"
                        },
                        "tainted": false
                    },
                    "deposed": [],
                    "provider": ""
                },
                "aws_subnet.main-public-2": {
                    "type": "aws_subnet",
                    "depends_on": [
                        "aws_vpc.main"
                    ],
                    "primary": {
                        "id": "subnet-45c77c22",
                        "attributes": {
                            "assign_ipv6_address_on_creation": "false",
                            "availability_zone": "us-west-1c",
                            "cidr_block": "10.0.2.0/24",
                            "id": "subnet-45c77c22",
                            "map_public_ip_on_launch": "true",
                            "tags.%": "1",
                            "tags.Name": "main-public-2",
                            "vpc_id": "vpc-b22831d6"
                        },
                        "meta": {
                            "schema_version": "1"
                        },
                        "tainted": false
                    },
                    "deposed": [],
                    "provider": ""
                },
                "aws_vpc.main": {
                    "type": "aws_vpc",
                    "depends_on": [],
                    "primary": {
                        "id": "vpc-b22831d6",
                        "attributes": {
                            "assign_generated_ipv6_cidr_block": "false",
                            "cidr_block": "10.0.0.0/16",
                            "default_network_acl_id": "acl-e833e98f",
                            "default_route_table_id": "rtb-1a12a17d",
                            "default_security_group_id": "sg-9b1210fd",
                            "dhcp_options_id": "dopt-f98d879c",
                            "enable_classiclink": "false",
                            "enable_classiclink_dns_support": "false",
                            "enable_dns_hostnames": "true",
                            "enable_dns_support": "true",
                            "id": "vpc-b22831d6",
                            "instance_tenancy": "default",
                            "main_route_table_id": "rtb-1a12a17d",
                            "tags.%": "1",
                            "tags.Name": "SharePoint Farm Public VPC"
                        },
                        "meta": {
                            "schema_version": "1"
                        },
                        "tainted": false
                    },
                    "deposed": [],
                    "provider": ""
                }
            },
            "depends_on": []
        }
    ]
}
